<?xml version='1.0' encoding='UTF-8'?>
<Scheme LastUpgradeVersion="2600" version="1.7">
   <BuildAction parallelizeBuildables="YES" buildImplicitDependencies="YES">
      <BuildActionEntries>
         <BuildActionEntry buildForTesting="YES" buildForRunning="YES" buildForProfiling="YES" buildForArchiving="YES" buildForAnalyzing="YES">
            <BuildableReference BuildableIdentifier="primary" BlueprintIdentifier="67368F948552E49E620CB0C6" BuildableName="Ouchikaeru.app" BlueprintName="Ouchikaeru" ReferencedContainer="container:Ouchikaeru.xcodeproj" />
         </BuildActionEntry>
      </BuildActionEntries>
   </BuildAction>
   <TestAction buildConfiguration="Debug" selectedDebuggerIdentifier="Xcode.DebuggerFoundation.Debugger.LLDB" selectedLauncherIdentifier="Xcode.DebuggerFoundation.Launcher.LLDB" shouldUseLaunchSchemeArgsEnv="YES">
      <Testables>
         <TestableReference skipped="NO" parallelizable="NO">
            <BuildableReference BuildableIdentifier="primary" BlueprintIdentifier="448E676A65A3A12033F0E3F8" BuildableName="OuchikaeruUITests.xctest" BlueprintName="OuchikaeruUITests" ReferencedContainer="container:Ouchikaeru.xcodeproj" />
         </TestableReference>
      </Testables>
   </TestAction>
   <LaunchAction buildConfiguration="Debug" selectedDebuggerIdentifier="Xcode.DebuggerFoundation.Debugger.LLDB" selectedLauncherIdentifier="Xcode.IDEFoundation.Launcher.LLDB" launchStyle="0" useCustomWorkingDirectory="NO" ignoresPersistentStateOnLaunch="NO" debugDocumentVersioning="YES" allowLocationSimulation="YES">
      <BuildableProductRunnable runnableDebuggingMode="0">
         <BuildableReference BuildableIdentifier="primary" BlueprintIdentifier="67368F948552E49E620CB0C6" BuildableName="Ouchikaeru.app" BlueprintName="Ouchikaeru" ReferencedContainer="container:Ouchikaeru.xcodeproj" />
      </BuildableProductRunnable>
      <LocationScenarioReference identifier="../../../Config/TokyoStation.gpx" referenceType="0" />
   </LaunchAction>
   <ProfileAction buildConfiguration="Release" shouldUseLaunchSchemeArgsEnv="YES" savedToolIdentifier="" useCustomWorkingDirectory="NO" debugDocumentVersioning="YES">
      <BuildableProductRunnable runnableDebuggingMode="0">
         <BuildableReference BuildableIdentifier="primary" BlueprintIdentifier="67368F948552E49E620CB0C6" BuildableName="Ouchikaeru.app" BlueprintName="Ouchikaeru" ReferencedContainer="container:Ouchikaeru.xcodeproj" />
      </BuildableProductRunnable>
   </ProfileAction>
   <AnalyzeAction buildConfiguration="Debug" />
   <ArchiveAction buildConfiguration="Release" revealArchiveInOrganizer="YES" />
</Scheme>